// !$*UTF8*$!
{
	archiveVersion = 1;
	classes = {
	};
	objectVersion = 52;
	objects = {

/* Begin PBXBuildFile section */
		582600E224CAC41B0083F313 /* AppDelegate.swift in Sources */ = {isa = PBXBuildFile; fileRef = 582600E124CAC41B0083F313 /* AppDelegate.swift */; };
		582600E424CAC41B0083F313 /* SceneDelegate.swift in Sources */ = {isa = PBXBuildFile; fileRef = 582600E324CAC41B0083F313 /* SceneDelegate.swift */; };
		582600E624CAC41B0083F313 /* AppView.swift in Sources */ = {isa = PBXBuildFile; fileRef = 582600E524CAC41B0083F313 /* AppView.swift */; };
		582600E824CAC41C0083F313 /* Assets.xcassets in Resources */ = {isa = PBXBuildFile; fileRef = 582600E724CAC41C0083F313 /* Assets.xcassets */; };
		582600EB24CAC41C0083F313 /* Preview Assets.xcassets in Resources */ = {isa = PBXBuildFile; fileRef = 582600EA24CAC41C0083F313 /* Preview Assets.xcassets */; };
		582600EE24CAC41C0083F313 /* LaunchScreen.storyboard in Resources */ = {isa = PBXBuildFile; fileRef = 582600EC24CAC41C0083F313 /* LaunchScreen.storyboard */; };
		582600F924CAC41C0083F313 /* GandhiTests.swift in Sources */ = {isa = PBXBuildFile; fileRef = 582600F824CAC41C0083F313 /* GandhiTests.swift */; };
		5826010424CAC41C0083F313 /* GandhiUITests.swift in Sources */ = {isa = PBXBuildFile; fileRef = 5826010324CAC41C0083F313 /* GandhiUITests.swift */; };
		5826011324CAC72F0083F313 /* ComposableArchitecture in Frameworks */ = {isa = PBXBuildFile; productRef = 5826011224CAC72F0083F313 /* ComposableArchitecture */; };
		5826011524CAC72F0083F313 /* ComposableCoreMotion in Frameworks */ = {isa = PBXBuildFile; productRef = 5826011424CAC72F0083F313 /* ComposableCoreMotion */; };
		5826011724CAC72F0083F313 /* ComposableCoreLocation in Frameworks */ = {isa = PBXBuildFile; productRef = 5826011624CAC72F0083F313 /* ComposableCoreLocation */; };
		5826011924CAC7A30083F313 /* README.md in Resources */ = {isa = PBXBuildFile; fileRef = 5826011824CAC7A30083F313 /* README.md */; };
		5826011C24CACB140083F313 /* HealthMonitorView.swift in Sources */ = {isa = PBXBuildFile; fileRef = 5826011B24CACB140083F313 /* HealthMonitorView.swift */; };
		5826011F24CACBF70083F313 /* SwiftUICharts in Frameworks */ = {isa = PBXBuildFile; productRef = 5826011E24CACBF70083F313 /* SwiftUICharts */; };
		5826012224CACF0A0083F313 /* AppCore.swift in Sources */ = {isa = PBXBuildFile; fileRef = 5826012124CACF0A0083F313 /* AppCore.swift */; };
		5826012424CAD2940083F313 /* HealthMonitorCore.swift in Sources */ = {isa = PBXBuildFile; fileRef = 5826012324CAD2940083F313 /* HealthMonitorCore.swift */; };
		5826012624CADC9F0083F313 /* HealthDatum.swift in Sources */ = {isa = PBXBuildFile; fileRef = 5826012524CADC9F0083F313 /* HealthDatum.swift */; };
		5826012924CB1B680083F313 /* HealthCheckCore.swift in Sources */ = {isa = PBXBuildFile; fileRef = 5826012824CB1B680083F313 /* HealthCheckCore.swift */; };
		5826012B24CB1D8A0083F313 /* HealthCheckView.swift in Sources */ = {isa = PBXBuildFile; fileRef = 5826012A24CB1D8A0083F313 /* HealthCheckView.swift */; };
		5826012E24CB209C0083F313 /* SettingView.swift in Sources */ = {isa = PBXBuildFile; fileRef = 5826012D24CB209C0083F313 /* SettingView.swift */; };
		5826013024CB217C0083F313 /* SettingCore.swift in Sources */ = {isa = PBXBuildFile; fileRef = 5826012F24CB217C0083F313 /* SettingCore.swift */; };
		5826013324CB2EBE0083F313 /* QGrid in Frameworks */ = {isa = PBXBuildFile; productRef = 5826013224CB2EBE0083F313 /* QGrid */; };
/* End PBXBuildFile section */

/* Begin PBXContainerItemProxy section */
		582600F524CAC41C0083F313 /* PBXContainerItemProxy */ = {
			isa = PBXContainerItemProxy;
			containerPortal = 582600D624CAC41B0083F313 /* Project object */;
			proxyType = 1;
			remoteGlobalIDString = 582600DD24CAC41B0083F313;
			remoteInfo = Gandhi;
		};
		5826010024CAC41C0083F313 /* PBXContainerItemProxy */ = {
			isa = PBXContainerItemProxy;
			containerPortal = 582600D624CAC41B0083F313 /* Project object */;
			proxyType = 1;
			remoteGlobalIDString = 582600DD24CAC41B0083F313;
			remoteInfo = Gandhi;
		};
/* End PBXContainerItemProxy section */

/* Begin PBXFileReference section */
		582600DE24CAC41B0083F313 /* Gandhi.app */ = {isa = PBXFileReference; explicitFileType = wrapper.application; includeInIndex = 0; path = Gandhi.app; sourceTree = BUILT_PRODUCTS_DIR; };
		582600E124CAC41B0083F313 /* AppDelegate.swift */ = {isa = PBXFileReference; lastKnownFileType = sourcecode.swift; path = AppDelegate.swift; sourceTree = "<group>"; };
		582600E324CAC41B0083F313 /* SceneDelegate.swift */ = {isa = PBXFileReference; lastKnownFileType = sourcecode.swift; path = SceneDelegate.swift; sourceTree = "<group>"; };
		582600E524CAC41B0083F313 /* AppView.swift */ = {isa = PBXFileReference; lastKnownFileType = sourcecode.swift; path = AppView.swift; sourceTree = "<group>"; };
		582600E724CAC41C0083F313 /* Assets.xcassets */ = {isa = PBXFileReference; lastKnownFileType = folder.assetcatalog; path = Assets.xcassets; sourceTree = "<group>"; };
		582600EA24CAC41C0083F313 /* Preview Assets.xcassets */ = {isa = PBXFileReference; lastKnownFileType = folder.assetcatalog; path = "Preview Assets.xcassets"; sourceTree = "<group>"; };
		582600ED24CAC41C0083F313 /* Base */ = {isa = PBXFileReference; lastKnownFileType = file.storyboard; name = Base; path = Base.lproj/LaunchScreen.storyboard; sourceTree = "<group>"; };
		582600EF24CAC41C0083F313 /* Info.plist */ = {isa = PBXFileReference; lastKnownFileType = text.plist.xml; path = Info.plist; sourceTree = "<group>"; };
		582600F424CAC41C0083F313 /* GandhiTests.xctest */ = {isa = PBXFileReference; explicitFileType = wrapper.cfbundle; includeInIndex = 0; path = GandhiTests.xctest; sourceTree = BUILT_PRODUCTS_DIR; };
		582600F824CAC41C0083F313 /* GandhiTests.swift */ = {isa = PBXFileReference; lastKnownFileType = sourcecode.swift; path = GandhiTests.swift; sourceTree = "<group>"; };
		582600FA24CAC41C0083F313 /* Info.plist */ = {isa = PBXFileReference; lastKnownFileType = text.plist.xml; path = Info.plist; sourceTree = "<group>"; };
		582600FF24CAC41C0083F313 /* GandhiUITests.xctest */ = {isa = PBXFileReference; explicitFileType = wrapper.cfbundle; includeInIndex = 0; path = GandhiUITests.xctest; sourceTree = BUILT_PRODUCTS_DIR; };
		5826010324CAC41C0083F313 /* GandhiUITests.swift */ = {isa = PBXFileReference; lastKnownFileType = sourcecode.swift; path = GandhiUITests.swift; sourceTree = "<group>"; };
		5826010524CAC41C0083F313 /* Info.plist */ = {isa = PBXFileReference; lastKnownFileType = text.plist.xml; path = Info.plist; sourceTree = "<group>"; };
		5826011824CAC7A30083F313 /* README.md */ = {isa = PBXFileReference; fileEncoding = 4; lastKnownFileType = net.daringfireball.markdown; path = README.md; sourceTree = "<group>"; };
		5826011B24CACB140083F313 /* HealthMonitorView.swift */ = {isa = PBXFileReference; lastKnownFileType = sourcecode.swift; path = HealthMonitorView.swift; sourceTree = "<group>"; };
		5826012124CACF0A0083F313 /* AppCore.swift */ = {isa = PBXFileReference; lastKnownFileType = sourcecode.swift; path = AppCore.swift; sourceTree = "<group>"; };
		5826012324CAD2940083F313 /* HealthMonitorCore.swift */ = {isa = PBXFileReference; lastKnownFileType = sourcecode.swift; path = HealthMonitorCore.swift; sourceTree = "<group>"; };
		5826012524CADC9F0083F313 /* HealthDatum.swift */ = {isa = PBXFileReference; lastKnownFileType = sourcecode.swift; path = HealthDatum.swift; sourceTree = "<group>"; };
		5826012824CB1B680083F313 /* HealthCheckCore.swift */ = {isa = PBXFileReference; lastKnownFileType = sourcecode.swift; path = HealthCheckCore.swift; sourceTree = "<group>"; };
		5826012A24CB1D8A0083F313 /* HealthCheckView.swift */ = {isa = PBXFileReference; lastKnownFileType = sourcecode.swift; path = HealthCheckView.swift; sourceTree = "<group>"; };
		5826012D24CB209C0083F313 /* SettingView.swift */ = {isa = PBXFileReference; lastKnownFileType = sourcecode.swift; path = SettingView.swift; sourceTree = "<group>"; };
		5826012F24CB217C0083F313 /* SettingCore.swift */ = {isa = PBXFileReference; lastKnownFileType = sourcecode.swift; path = SettingCore.swift; sourceTree = "<group>"; };
/* End PBXFileReference section */

/* Begin PBXFrameworksBuildPhase section */
		582600DB24CAC41B0083F313 /* Frameworks */ = {
			isa = PBXFrameworksBuildPhase;
			buildActionMask = 2147483647;
			files = (
				5826013324CB2EBE0083F313 /* QGrid in Frameworks */,
				5826011724CAC72F0083F313 /* ComposableCoreLocation in Frameworks */,
				5826011F24CACBF70083F313 /* SwiftUICharts in Frameworks */,
				5826011524CAC72F0083F313 /* ComposableCoreMotion in Frameworks */,
				5826011324CAC72F0083F313 /* ComposableArchitecture in Frameworks */,
			);
			runOnlyForDeploymentPostprocessing = 0;
		};
		582600F124CAC41C0083F313 /* Frameworks */ = {
			isa = PBXFrameworksBuildPhase;
			buildActionMask = 2147483647;
			files = (
			);
			runOnlyForDeploymentPostprocessing = 0;
		};
		582600FC24CAC41C0083F313 /* Frameworks */ = {
			isa = PBXFrameworksBuildPhase;
			buildActionMask = 2147483647;
			files = (
			);
			runOnlyForDeploymentPostprocessing = 0;
		};
/* End PBXFrameworksBuildPhase section */

/* Begin PBXGroup section */
		582600D524CAC41B0083F313 = {
			isa = PBXGroup;
			children = (
				5826011824CAC7A30083F313 /* README.md */,
				582600E024CAC41B0083F313 /* Gandhi */,
				582600F724CAC41C0083F313 /* GandhiTests */,
				5826010224CAC41C0083F313 /* GandhiUITests */,
				582600DF24CAC41B0083F313 /* Products */,
			);
			sourceTree = "<group>";
		};
		582600DF24CAC41B0083F313 /* Products */ = {
			isa = PBXGroup;
			children = (
				582600DE24CAC41B0083F313 /* Gandhi.app */,
				582600F424CAC41C0083F313 /* GandhiTests.xctest */,
				582600FF24CAC41C0083F313 /* GandhiUITests.xctest */,
			);
			name = Products;
			sourceTree = "<group>";
		};
		582600E024CAC41B0083F313 /* Gandhi */ = {
			isa = PBXGroup;
			children = (
				5826011A24CACA530083F313 /* HealthMonitor */,
				5826012724CB1AFD0083F313 /* HealthCheck */,
				5826012C24CB205A0083F313 /* Setting */,
				5826012024CACE820083F313 /* Core */,
				582600E124CAC41B0083F313 /* AppDelegate.swift */,
				582600E324CAC41B0083F313 /* SceneDelegate.swift */,
				582600E724CAC41C0083F313 /* Assets.xcassets */,
				582600EC24CAC41C0083F313 /* LaunchScreen.storyboard */,
				582600EF24CAC41C0083F313 /* Info.plist */,
				582600E924CAC41C0083F313 /* Preview Content */,
			);
			path = Gandhi;
			sourceTree = "<group>";
		};
		582600E924CAC41C0083F313 /* Preview Content */ = {
			isa = PBXGroup;
			children = (
				582600EA24CAC41C0083F313 /* Preview Assets.xcassets */,
			);
			path = "Preview Content";
			sourceTree = "<group>";
		};
		582600F724CAC41C0083F313 /* GandhiTests */ = {
			isa = PBXGroup;
			children = (
				582600F824CAC41C0083F313 /* GandhiTests.swift */,
				582600FA24CAC41C0083F313 /* Info.plist */,
			);
			path = GandhiTests;
			sourceTree = "<group>";
		};
		5826010224CAC41C0083F313 /* GandhiUITests */ = {
			isa = PBXGroup;
			children = (
				5826010324CAC41C0083F313 /* GandhiUITests.swift */,
				5826010524CAC41C0083F313 /* Info.plist */,
			);
			path = GandhiUITests;
			sourceTree = "<group>";
		};
		5826011A24CACA530083F313 /* HealthMonitor */ = {
			isa = PBXGroup;
			children = (
				5826011B24CACB140083F313 /* HealthMonitorView.swift */,
				5826012324CAD2940083F313 /* HealthMonitorCore.swift */,
				5826012524CADC9F0083F313 /* HealthDatum.swift */,
			);
			path = HealthMonitor;
			sourceTree = "<group>";
		};
		5826012024CACE820083F313 /* Core */ = {
			isa = PBXGroup;
			children = (
				582600E524CAC41B0083F313 /* AppView.swift */,
				5826012124CACF0A0083F313 /* AppCore.swift */,
			);
			path = Core;
			sourceTree = "<group>";
		};
		5826012724CB1AFD0083F313 /* HealthCheck */ = {
			isa = PBXGroup;
			children = (
				5826012824CB1B680083F313 /* HealthCheckCore.swift */,
				5826012A24CB1D8A0083F313 /* HealthCheckView.swift */,
			);
			path = HealthCheck;
			sourceTree = "<group>";
		};
		5826012C24CB205A0083F313 /* Setting */ = {
			isa = PBXGroup;
			children = (
				5826012D24CB209C0083F313 /* SettingView.swift */,
				5826012F24CB217C0083F313 /* SettingCore.swift */,
			);
			path = Setting;
			sourceTree = "<group>";
		};
/* End PBXGroup section */

/* Begin PBXNativeTarget section */
		582600DD24CAC41B0083F313 /* Gandhi */ = {
			isa = PBXNativeTarget;
			buildConfigurationList = 5826010824CAC41C0083F313 /* Build configuration list for PBXNativeTarget "Gandhi" */;
			buildPhases = (
				582600DA24CAC41B0083F313 /* Sources */,
				582600DB24CAC41B0083F313 /* Frameworks */,
				582600DC24CAC41B0083F313 /* Resources */,
			);
			buildRules = (
			);
			dependencies = (
			);
			name = Gandhi;
			packageProductDependencies = (
				5826011224CAC72F0083F313 /* ComposableArchitecture */,
				5826011424CAC72F0083F313 /* ComposableCoreMotion */,
				5826011624CAC72F0083F313 /* ComposableCoreLocation */,
				5826011E24CACBF70083F313 /* SwiftUICharts */,
				5826013224CB2EBE0083F313 /* QGrid */,
			);
			productName = Gandhi;
			productReference = 582600DE24CAC41B0083F313 /* Gandhi.app */;
			productType = "com.apple.product-type.application";
		};
		582600F324CAC41C0083F313 /* GandhiTests */ = {
			isa = PBXNativeTarget;
			buildConfigurationList = 5826010B24CAC41C0083F313 /* Build configuration list for PBXNativeTarget "GandhiTests" */;
			buildPhases = (
				582600F024CAC41C0083F313 /* Sources */,
				582600F124CAC41C0083F313 /* Frameworks */,
				582600F224CAC41C0083F313 /* Resources */,
			);
			buildRules = (
			);
			dependencies = (
				582600F624CAC41C0083F313 /* PBXTargetDependency */,
			);
			name = GandhiTests;
			productName = GandhiTests;
			productReference = 582600F424CAC41C0083F313 /* GandhiTests.xctest */;
			productType = "com.apple.product-type.bundle.unit-test";
		};
		582600FE24CAC41C0083F313 /* GandhiUITests */ = {
			isa = PBXNativeTarget;
			buildConfigurationList = 5826010E24CAC41C0083F313 /* Build configuration list for PBXNativeTarget "GandhiUITests" */;
			buildPhases = (
				582600FB24CAC41C0083F313 /* Sources */,
				582600FC24CAC41C0083F313 /* Frameworks */,
				582600FD24CAC41C0083F313 /* Resources */,
			);
			buildRules = (
			);
			dependencies = (
				5826010124CAC41C0083F313 /* PBXTargetDependency */,
			);
			name = GandhiUITests;
			productName = GandhiUITests;
			productReference = 582600FF24CAC41C0083F313 /* GandhiUITests.xctest */;
			productType = "com.apple.product-type.bundle.ui-testing";
		};
/* End PBXNativeTarget section */

/* Begin PBXProject section */
		582600D624CAC41B0083F313 /* Project object */ = {
			isa = PBXProject;
			attributes = {
				LastSwiftUpdateCheck = 1160;
				LastUpgradeCheck = 1160;
				ORGANIZATIONNAME = taisuke.okada;
				TargetAttributes = {
					582600DD24CAC41B0083F313 = {
						CreatedOnToolsVersion = 11.6;
					};
					582600F324CAC41C0083F313 = {
						CreatedOnToolsVersion = 11.6;
						TestTargetID = 582600DD24CAC41B0083F313;
					};
					582600FE24CAC41C0083F313 = {
						CreatedOnToolsVersion = 11.6;
						TestTargetID = 582600DD24CAC41B0083F313;
					};
				};
			};
			buildConfigurationList = 582600D924CAC41B0083F313 /* Build configuration list for PBXProject "Gandhi" */;
			compatibilityVersion = "Xcode 9.3";
			developmentRegion = en;
			hasScannedForEncodings = 0;
			knownRegions = (
				en,
				Base,
			);
			mainGroup = 582600D524CAC41B0083F313;
			packageReferences = (
				5826011124CAC72F0083F313 /* XCRemoteSwiftPackageReference "swift-composable-architecture" */,
				5826011D24CACBF70083F313 /* XCRemoteSwiftPackageReference "ChartView" */,
				5826013124CB2EBE0083F313 /* XCRemoteSwiftPackageReference "QGrid" */,
			);
			productRefGroup = 582600DF24CAC41B0083F313 /* Products */;
			projectDirPath = "";
			projectRoot = "";
			targets = (
				582600DD24CAC41B0083F313 /* Gandhi */,
				582600F324CAC41C0083F313 /* GandhiTests */,
				582600FE24CAC41C0083F313 /* GandhiUITests */,
			);
		};
/* End PBXProject section */

/* Begin PBXResourcesBuildPhase section */
		582600DC24CAC41B0083F313 /* Resources */ = {
			isa = PBXResourcesBuildPhase;
			buildActionMask = 2147483647;
			files = (
				582600EE24CAC41C0083F313 /* LaunchScreen.storyboard in Resources */,
				582600EB24CAC41C0083F313 /* Preview Assets.xcassets in Resources */,
				5826011924CAC7A30083F313 /* README.md in Resources */,
				582600E824CAC41C0083F313 /* Assets.xcassets in Resources */,
			);
			runOnlyForDeploymentPostprocessing = 0;
		};
		582600F224CAC41C0083F313 /* Resources */ = {
			isa = PBXResourcesBuildPhase;
			buildActionMask = 2147483647;
			files = (
			);
			runOnlyForDeploymentPostprocessing = 0;
		};
		582600FD24CAC41C0083F313 /* Resources */ = {
			isa = PBXResourcesBuildPhase;
			buildActionMask = 2147483647;
			files = (
			);
			runOnlyForDeploymentPostprocessing = 0;
		};
/* End PBXResourcesBuildPhase section */

/* Begin PBXSourcesBuildPhase section */
		582600DA24CAC41B0083F313 /* Sources */ = {
			isa = PBXSourcesBuildPhase;
			buildActionMask = 2147483647;
			files = (
				582600E224CAC41B0083F313 /* AppDelegate.swift in Sources */,
				5826012E24CB209C0083F313 /* SettingView.swift in Sources */,
				5826012624CADC9F0083F313 /* HealthDatum.swift in Sources */,
				5826012424CAD2940083F313 /* HealthMonitorCore.swift in Sources */,
				5826012B24CB1D8A0083F313 /* HealthCheckView.swift in Sources */,
				582600E424CAC41B0083F313 /* SceneDelegate.swift in Sources */,
				5826013024CB217C0083F313 /* SettingCore.swift in Sources */,
				582600E624CAC41B0083F313 /* AppView.swift in Sources */,
				5826012924CB1B680083F313 /* HealthCheckCore.swift in Sources */,
				5826011C24CACB140083F313 /* HealthMonitorView.swift in Sources */,
				5826012224CACF0A0083F313 /* AppCore.swift in Sources */,
			);
			runOnlyForDeploymentPostprocessing = 0;
		};
		582600F024CAC41C0083F313 /* Sources */ = {
			isa = PBXSourcesBuildPhase;
			buildActionMask = 2147483647;
			files = (
				582600F924CAC41C0083F313 /* GandhiTests.swift in Sources */,
			);
			runOnlyForDeploymentPostprocessing = 0;
		};
		582600FB24CAC41C0083F313 /* Sources */ = {
			isa = PBXSourcesBuildPhase;
			buildActionMask = 2147483647;
			files = (
				5826010424CAC41C0083F313 /* GandhiUITests.swift in Sources */,
			);
			runOnlyForDeploymentPostprocessing = 0;
		};
/* End PBXSourcesBuildPhase section */

/* Begin PBXTargetDependency section */
		582600F624CAC41C0083F313 /* PBXTargetDependency */ = {
			isa = PBXTargetDependency;
			target = 582600DD24CAC41B0083F313 /* Gandhi */;
			targetProxy = 582600F524CAC41C0083F313 /* PBXContainerItemProxy */;
		};
		5826010124CAC41C0083F313 /* PBXTargetDependency */ = {
			isa = PBXTargetDependency;
			target = 582600DD24CAC41B0083F313 /* Gandhi */;
			targetProxy = 5826010024CAC41C0083F313 /* PBXContainerItemProxy */;
		};
/* End PBXTargetDependency section */

/* Begin PBXVariantGroup section */
		582600EC24CAC41C0083F313 /* LaunchScreen.storyboard */ = {
			isa = PBXVariantGroup;
			children = (
				582600ED24CAC41C0083F313 /* Base */,
			);
			name = LaunchScreen.storyboard;
			sourceTree = "<group>";
		};
/* End PBXVariantGroup section */

/* Begin XCBuildConfiguration section */
		5826010624CAC41C0083F313 /* Debug */ = {
			isa = XCBuildConfiguration;
			buildSettings = {
				ALWAYS_SEARCH_USER_PATHS = NO;
				CLANG_ANALYZER_NONNULL = YES;
				CLANG_ANALYZER_NUMBER_OBJECT_CONVERSION = YES_AGGRESSIVE;
				CLANG_CXX_LANGUAGE_STANDARD = "gnu++14";
				CLANG_CXX_LIBRARY = "libc++";
				CLANG_ENABLE_MODULES = YES;
				CLANG_ENABLE_OBJC_ARC = YES;
				CLANG_ENABLE_OBJC_WEAK = YES;
				CLANG_WARN_BLOCK_CAPTURE_AUTORELEASING = YES;
				CLANG_WARN_BOOL_CONVERSION = YES;
				CLANG_WARN_COMMA = YES;
				CLANG_WARN_CONSTANT_CONVERSION = YES;
				CLANG_WARN_DEPRECATED_OBJC_IMPLEMENTATIONS = YES;
				CLANG_WARN_DIRECT_OBJC_ISA_USAGE = YES_ERROR;
				CLANG_WARN_DOCUMENTATION_COMMENTS = YES;
				CLANG_WARN_EMPTY_BODY = YES;
				CLANG_WARN_ENUM_CONVERSION = YES;
				CLANG_WARN_INFINITE_RECURSION = YES;
				CLANG_WARN_INT_CONVERSION = YES;
				CLANG_WARN_NON_LITERAL_NULL_CONVERSION = YES;
				CLANG_WARN_OBJC_IMPLICIT_RETAIN_SELF = YES;
				CLANG_WARN_OBJC_LITERAL_CONVERSION = YES;
				CLANG_WARN_OBJC_ROOT_CLASS = YES_ERROR;
				CLANG_WARN_RANGE_LOOP_ANALYSIS = YES;
				CLANG_WARN_STRICT_PROTOTYPES = YES;
				CLANG_WARN_SUSPICIOUS_MOVE = YES;
				CLANG_WARN_UNGUARDED_AVAILABILITY = YES_AGGRESSIVE;
				CLANG_WARN_UNREACHABLE_CODE = YES;
				CLANG_WARN__DUPLICATE_METHOD_MATCH = YES;
				COPY_PHASE_STRIP = NO;
				DEBUG_INFORMATION_FORMAT = dwarf;
				ENABLE_STRICT_OBJC_MSGSEND = YES;
				ENABLE_TESTABILITY = YES;
				GCC_C_LANGUAGE_STANDARD = gnu11;
				GCC_DYNAMIC_NO_PIC = NO;
				GCC_NO_COMMON_BLOCKS = YES;
				GCC_OPTIMIZATION_LEVEL = 0;
				GCC_PREPROCESSOR_DEFINITIONS = (
					"DEBUG=1",
					"$(inherited)",
				);
				GCC_WARN_64_TO_32_BIT_CONVERSION = YES;
				GCC_WARN_ABOUT_RETURN_TYPE = YES_ERROR;
				GCC_WARN_UNDECLARED_SELECTOR = YES;
				GCC_WARN_UNINITIALIZED_AUTOS = YES_AGGRESSIVE;
				GCC_WARN_UNUSED_FUNCTION = YES;
				GCC_WARN_UNUSED_VARIABLE = YES;
				IPHONEOS_DEPLOYMENT_TARGET = 13.6;
				MTL_ENABLE_DEBUG_INFO = INCLUDE_SOURCE;
				MTL_FAST_MATH = YES;
				ONLY_ACTIVE_ARCH = YES;
				SDKROOT = iphoneos;
				SWIFT_ACTIVE_COMPILATION_CONDITIONS = DEBUG;
				SWIFT_OPTIMIZATION_LEVEL = "-Onone";
			};
			name = Debug;
		};
		5826010724CAC41C0083F313 /* Release */ = {
			isa = XCBuildConfiguration;
			buildSettings = {
				ALWAYS_SEARCH_USER_PATHS = NO;
				CLANG_ANALYZER_NONNULL = YES;
				CLANG_ANALYZER_NUMBER_OBJECT_CONVERSION = YES_AGGRESSIVE;
				CLANG_CXX_LANGUAGE_STANDARD = "gnu++14";
				CLANG_CXX_LIBRARY = "libc++";
				CLANG_ENABLE_MODULES = YES;
				CLANG_ENABLE_OBJC_ARC = YES;
				CLANG_ENABLE_OBJC_WEAK = YES;
				CLANG_WARN_BLOCK_CAPTURE_AUTORELEASING = YES;
				CLANG_WARN_BOOL_CONVERSION = YES;
				CLANG_WARN_COMMA = YES;
				CLANG_WARN_CONSTANT_CONVERSION = YES;
				CLANG_WARN_DEPRECATED_OBJC_IMPLEMENTATIONS = YES;
				CLANG_WARN_DIRECT_OBJC_ISA_USAGE = YES_ERROR;
				CLANG_WARN_DOCUMENTATION_COMMENTS = YES;
				CLANG_WARN_EMPTY_BODY = YES;
				CLANG_WARN_ENUM_CONVERSION = YES;
				CLANG_WARN_INFINITE_RECURSION = YES;
				CLANG_WARN_INT_CONVERSION = YES;
				CLANG_WARN_NON_LITERAL_NULL_CONVERSION = YES;
				CLANG_WARN_OBJC_IMPLICIT_RETAIN_SELF = YES;
				CLANG_WARN_OBJC_LITERAL_CONVERSION = YES;
				CLANG_WARN_OBJC_ROOT_CLASS = YES_ERROR;
				CLANG_WARN_RANGE_LOOP_ANALYSIS = YES;
				CLANG_WARN_STRICT_PROTOTYPES = YES;
				CLANG_WARN_SUSPICIOUS_MOVE = YES;
				CLANG_WARN_UNGUARDED_AVAILABILITY = YES_AGGRESSIVE;
				CLANG_WARN_UNREACHABLE_CODE = YES;
				CLANG_WARN__DUPLICATE_METHOD_MATCH = YES;
				COPY_PHASE_STRIP = NO;
				DEBUG_INFORMATION_FORMAT = "dwarf-with-dsym";
				ENABLE_NS_ASSERTIONS = NO;
				ENABLE_STRICT_OBJC_MSGSEND = YES;
				GCC_C_LANGUAGE_STANDARD = gnu11;
				GCC_NO_COMMON_BLOCKS = YES;
				GCC_WARN_64_TO_32_BIT_CONVERSION = YES;
				GCC_WARN_ABOUT_RETURN_TYPE = YES_ERROR;
				GCC_WARN_UNDECLARED_SELECTOR = YES;
				GCC_WARN_UNINITIALIZED_AUTOS = YES_AGGRESSIVE;
				GCC_WARN_UNUSED_FUNCTION = YES;
				GCC_WARN_UNUSED_VARIABLE = YES;
				IPHONEOS_DEPLOYMENT_TARGET = 13.6;
				MTL_ENABLE_DEBUG_INFO = NO;
				MTL_FAST_MATH = YES;
				SDKROOT = iphoneos;
				SWIFT_COMPILATION_MODE = wholemodule;
				SWIFT_OPTIMIZATION_LEVEL = "-O";
				VALIDATE_PRODUCT = YES;
			};
			name = Release;
		};
		5826010924CAC41C0083F313 /* Debug */ = {
			isa = XCBuildConfiguration;
			buildSettings = {
				ASSETCATALOG_COMPILER_APPICON_NAME = AppIcon;
				CODE_SIGN_STYLE = Automatic;
				DEVELOPMENT_ASSET_PATHS = "\"Gandhi/Preview Content\"";
				ENABLE_PREVIEWS = YES;
				INFOPLIST_FILE = Gandhi/Info.plist;
				LD_RUNPATH_SEARCH_PATHS = (
					"$(inherited)",
					"@executable_path/Frameworks",
				);
				PRODUCT_BUNDLE_IDENTIFIER = com.github.Oktasuke.Gandhi;
				PRODUCT_NAME = "$(TARGET_NAME)";
				SWIFT_VERSION = 5.0;
				TARGETED_DEVICE_FAMILY = "1,2";
			};
			name = Debug;
		};
		5826010A24CAC41C0083F313 /* Release */ = {
			isa = XCBuildConfiguration;
			buildSettings = {
				ASSETCATALOG_COMPILER_APPICON_NAME = AppIcon;
				CODE_SIGN_STYLE = Automatic;
				DEVELOPMENT_ASSET_PATHS = "\"Gandhi/Preview Content\"";
				ENABLE_PREVIEWS = YES;
				INFOPLIST_FILE = Gandhi/Info.plist;
				LD_RUNPATH_SEARCH_PATHS = (
					"$(inherited)",
					"@executable_path/Frameworks",
				);
				PRODUCT_BUNDLE_IDENTIFIER = com.github.Oktasuke.Gandhi;
				PRODUCT_NAME = "$(TARGET_NAME)";
				SWIFT_VERSION = 5.0;
				TARGETED_DEVICE_FAMILY = "1,2";
			};
			name = Release;
		};
		5826010C24CAC41C0083F313 /* Debug */ = {
			isa = XCBuildConfiguration;
			buildSettings = {
				ALWAYS_EMBED_SWIFT_STANDARD_LIBRARIES = YES;
				BUNDLE_LOADER = "$(TEST_HOST)";
				CODE_SIGN_STYLE = Automatic;
				INFOPLIST_FILE = GandhiTests/Info.plist;
				IPHONEOS_DEPLOYMENT_TARGET = 13.6;
				LD_RUNPATH_SEARCH_PATHS = (
					"$(inherited)",
					"@executable_path/Frameworks",
					"@loader_path/Frameworks",
				);
				PRODUCT_BUNDLE_IDENTIFIER = com.github.Oktasuke.GandhiTests;
				PRODUCT_NAME = "$(TARGET_NAME)";
				SWIFT_VERSION = 5.0;
				TARGETED_DEVICE_FAMILY = "1,2";
				TEST_HOST = "$(BUILT_PRODUCTS_DIR)/Gandhi.app/Gandhi";
			};
			name = Debug;
		};
		5826010D24CAC41C0083F313 /* Release */ = {
			isa = XCBuildConfiguration;
			buildSettings = {
				ALWAYS_EMBED_SWIFT_STANDARD_LIBRARIES = YES;
				BUNDLE_LOADER = "$(TEST_HOST)";
				CODE_SIGN_STYLE = Automatic;
				INFOPLIST_FILE = GandhiTests/Info.plist;
				IPHONEOS_DEPLOYMENT_TARGET = 13.6;
				LD_RUNPATH_SEARCH_PATHS = (
					"$(inherited)",
					"@executable_path/Frameworks",
					"@loader_path/Frameworks",
				);
				PRODUCT_BUNDLE_IDENTIFIER = com.github.Oktasuke.GandhiTests;
				PRODUCT_NAME = "$(TARGET_NAME)";
				SWIFT_VERSION = 5.0;
				TARGETED_DEVICE_FAMILY = "1,2";
				TEST_HOST = "$(BUILT_PRODUCTS_DIR)/Gandhi.app/Gandhi";
			};
			name = Release;
		};
		5826010F24CAC41C0083F313 /* Debug */ = {
			isa = XCBuildConfiguration;
			buildSettings = {
				ALWAYS_EMBED_SWIFT_STANDARD_LIBRARIES = YES;
				CODE_SIGN_STYLE = Automatic;
				INFOPLIST_FILE = GandhiUITests/Info.plist;
				LD_RUNPATH_SEARCH_PATHS = (
					"$(inherited)",
					"@executable_path/Frameworks",
					"@loader_path/Frameworks",
				);
				PRODUCT_BUNDLE_IDENTIFIER = com.github.Oktasuke.GandhiUITests;
				PRODUCT_NAME = "$(TARGET_NAME)";
				SWIFT_VERSION = 5.0;
				TARGETED_DEVICE_FAMILY = "1,2";
				TEST_TARGET_NAME = Gandhi;
			};
			name = Debug;
		};
		5826011024CAC41C0083F313 /* Release */ = {
			isa = XCBuildConfiguration;
			buildSettings = {
				ALWAYS_EMBED_SWIFT_STANDARD_LIBRARIES = YES;
				CODE_SIGN_STYLE = Automatic;
				INFOPLIST_FILE = GandhiUITests/Info.plist;
				LD_RUNPATH_SEARCH_PATHS = (
					"$(inherited)",
					"@executable_path/Frameworks",
					"@loader_path/Frameworks",
				);
				PRODUCT_BUNDLE_IDENTIFIER = com.github.Oktasuke.GandhiUITests;
				PRODUCT_NAME = "$(TARGET_NAME)";
				SWIFT_VERSION = 5.0;
				TARGETED_DEVICE_FAMILY = "1,2";
				TEST_TARGET_NAME = Gandhi;
			};
			name = Release;
		};
/* End XCBuildConfiguration section */

/* Begin XCConfigurationList section */
		582600D924CAC41B0083F313 /* Build configuration list for PBXProject "Gandhi" */ = {
			isa = XCConfigurationList;
			buildConfigurations = (
				5826010624CAC41C0083F313 /* Debug */,
				5826010724CAC41C0083F313 /* Release */,
			);
			defaultConfigurationIsVisible = 0;
			defaultConfigurationName = Release;
		};
		5826010824CAC41C0083F313 /* Build configuration list for PBXNativeTarget "Gandhi" */ = {
			isa = XCConfigurationList;
			buildConfigurations = (
				5826010924CAC41C0083F313 /* Debug */,
				5826010A24CAC41C0083F313 /* Release */,
			);
			defaultConfigurationIsVisible = 0;
			defaultConfigurationName = Release;
		};
		5826010B24CAC41C0083F313 /* Build configuration list for PBXNativeTarget "GandhiTests" */ = {
			isa = XCConfigurationList;
			buildConfigurations = (
				5826010C24CAC41C0083F313 /* Debug */,
				5826010D24CAC41C0083F313 /* Release */,
			);
			defaultConfigurationIsVisible = 0;
			defaultConfigurationName = Release;
		};
		5826010E24CAC41C0083F313 /* Build configuration list for PBXNativeTarget "GandhiUITests" */ = {
			isa = XCConfigurationList;
			buildConfigurations = (
				5826010F24CAC41C0083F313 /* Debug */,
				5826011024CAC41C0083F313 /* Release */,
			);
			defaultConfigurationIsVisible = 0;
			defaultConfigurationName = Release;
		};
/* End XCConfigurationList section */

/* Begin XCRemoteSwiftPackageReference section */
		5826011124CAC72F0083F313 /* XCRemoteSwiftPackageReference "swift-composable-architecture" */ = {
			isa = XCRemoteSwiftPackageReference;
			repositoryURL = "https://github.com/pointfreeco/swift-composable-architecture";
			requirement = {
				kind = upToNextMajorVersion;
				minimumVersion = 0.6.0;
			};
		};
		5826011D24CACBF70083F313 /* XCRemoteSwiftPackageReference "ChartView" */ = {
			isa = XCRemoteSwiftPackageReference;
			repositoryURL = "https://github.com/AppPear/ChartView";
			requirement = {
				kind = upToNextMajorVersion;
				minimumVersion = 1.5.3;
			};
		};
		5826013124CB2EBE0083F313 /* XCRemoteSwiftPackageReference "QGrid" */ = {
			isa = XCRemoteSwiftPackageReference;
			repositoryURL = "https://github.com/Q-Mobile/QGrid";
			requirement = {
				kind = upToNextMajorVersion;
				minimumVersion = 0.1.4;
			};
		};
/* End XCRemoteSwiftPackageReference section */

/* Begin XCSwiftPackageProductDependency section */
		5826011224CAC72F0083F313 /* ComposableArchitecture */ = {
			isa = XCSwiftPackageProductDependency;
			package = 5826011124CAC72F0083F313 /* XCRemoteSwiftPackageReference "swift-composable-architecture" */;
			productName = ComposableArchitecture;
		};
		5826011424CAC72F0083F313 /* ComposableCoreMotion */ = {
			isa = XCSwiftPackageProductDependency;
			package = 5826011124CAC72F0083F313 /* XCRemoteSwiftPackageReference "swift-composable-architecture" */;
			productName = ComposableCoreMotion;
		};
		5826011624CAC72F0083F313 /* ComposableCoreLocation */ = {
			isa = XCSwiftPackageProductDependency;
			package = 5826011124CAC72F0083F313 /* XCRemoteSwiftPackageReference "swift-composable-architecture" */;
			productName = ComposableCoreLocation;
		};
		5826011E24CACBF70083F313 /* SwiftUICharts */ = {
			isa = XCSwiftPackageProductDependency;
			package = 5826011D24CACBF70083F313 /* XCRemoteSwiftPackageReference "ChartView" */;
			productName = SwiftUICharts;
		};
		5826013224CB2EBE0083F313 /* QGrid */ = {
			isa = XCSwiftPackageProductDependency;
			package = 5826013124CB2EBE0083F313 /* XCRemoteSwiftPackageReference "QGrid" */;
			productName = QGrid;
		};
/* End XCSwiftPackageProductDependency section */
	};
	rootObject = 582600D624CAC41B0083F313 /* Project object */;
}
